
Microsoft Visual Studio Solution File, Format Version 12.00
# Visual Studio Version 17
VisualStudioVersion = 17.7.34202.233
MinimumVisualStudioVersion = 10.0.40219.1
Project("{FAE04EC0-301F-11D3-BF4B-00C04F79EFBC}") = "TaskABC", "TaskABC\TaskABC.csproj", "{5E2367EA-F383-4CFD-AB66-11DBBC9CEC3C}"
EndProject
Global
	GlobalSection(SolutionConfigurationPlatforms) = preSolution
		Debug|Any CPU = Debug|Any CPU
		Release|Any CPU = Release|Any CPU
	EndGlobalSection
	GlobalSection(ProjectConfigurationPlatforms) = postSolution
		{5E2367EA-F383-4CFD-AB66-11DBBC9CEC3C}.Debug|Any CPU.ActiveCfg = Debug|Any CPU
		{5E2367EA-F383-4CFD-AB66-11DBBC9CEC3C}.Debug|Any CPU.Build.0 = Debug|Any CPU
		{5E2367EA-F383-4CFD-AB66-11DBBC9CEC3C}.Release|Any CPU.ActiveCfg = Release|Any CPU
		{5E2367EA-F383-4CFD-AB66-11DBBC9CEC3C}.Release|Any CPU.Build.0 = Release|Any CPU
	EndGlobalSection
	GlobalSection(SolutionProperties) = preSolution
		HideSolutionNode = FALSE
	EndGlobalSection
	GlobalSection(ExtensibilityGlobals) = postSolution
		SolutionGuid = {070CE0E2-93FE-4015-BCB4-1F81CDD7C37D}
	EndGlobalSection
EndGlobal
